PODS:
  - Google-Mobile-Ads-SDK (7.51.0):
    - GoogleAppMeasurement (~> 6.0)
  - GoogleAppMeasurement (6.1.3):
    - GoogleUtilities/AppDelegateSwizzler (~> 6.0)
    - GoogleUtilities/MethodSwizzler (~> 6.0)
    - GoogleUtilities/Network (~> 6.0)
    - "GoogleUtilities/NSData+zlib (~> 6.0)"
    - nanopb (~> 0.3.901)
  - GoogleMobileAdsMediationZplayAds (2.6.0):
    - Google-Mobile-Ads-SDK
    - PlayableAds (~> 2.6.0)
  - GoogleUtilities/AppDelegateSwizzler (6.3.1):
    - GoogleUtilities/Environment
    - GoogleUtilities/Logger
    - GoogleUtilities/Network
  - GoogleUtilities/Environment (6.3.1)
  - GoogleUtilities/Logger (6.3.1):
    - GoogleUtilities/Environment
  - GoogleUtilities/MethodSwizzler (6.3.1):
    - GoogleUtilities/Logger
  - GoogleUtilities/Network (6.3.1):
    - GoogleUtilities/Logger
    - "GoogleUtilities/NSData+zlib"
    - GoogleUtilities/Reachability
  - "GoogleUtilities/NSData+zlib (6.3.1)"
  - GoogleUtilities/Reachability (6.3.1):
    - GoogleUtilities/Logger
  - nanopb (0.3.9011):
    - nanopb/decode (= 0.3.9011)
    - nanopb/encode (= 0.3.9011)
  - nanopb/decode (0.3.9011)
  - nanopb/encode (0.3.9011)
  - PlayableAds (2.6.0)

DEPENDENCIES:
  - GoogleMobileAdsMediationZplayAds

SPEC REPOS:
  https://github.com/CocoaPods/Specs.git:
    - Google-Mobile-Ads-SDK
    - GoogleAppMeasurement
    - GoogleUtilities
    - nanopb
  https://github.com/yumimobi/Specs.git:
    - GoogleMobileAdsMediationZplayAds
    - PlayableAds

SPEC CHECKSUMS:
  Google-Mobile-Ads-SDK: 5c625884f0788d22b48e3bb641e1d65c673dc7a5
  GoogleAppMeasurement: 434cc7be25e71dc04b8d0e3079125127b330e84a
  GoogleMobileAdsMediationZplayAds: 1602b53b80112c652af0da1cae9411448e8c74b2
  GoogleUtilities: f895fde57977df4e0233edda0dbeac490e3703b6
  nanopb: 18003b5e52dab79db540fe93fe9579f399bd1ccd
  PlayableAds: d929e4d90b898b3d15f5e942f2e05cd6b121fa5b

PODFILE CHECKSUM: 871055ffc3baceaab9e5486a93c699d822b50fc0

COCOAPODS: 1.8.4
