PODS:
  - Google-Mobile-Ads-SDK (7.39.0)
  - GoogleMobileAdsMediationZplayAds (2.4.0.0):
    - Google-Mobile-Ads-SDK
    - PlayableAds (~> 2.4.0)
  - PlayableAds (2.4.0)

DEPENDENCIES:
  - GoogleMobileAdsMediationZplayAds

SPEC REPOS:
  https://github.com/cocoapods/specs.git:
    - Google-Mobile-Ads-SDK
    - GoogleMobileAdsMediationZplayAds
    - PlayableAds

SPEC CHECKSUMS:
  Google-Mobile-Ads-SDK: d0f10a7c4d7015db23075ff316602350d12049db
  GoogleMobileAdsMediationZplayAds: a7bc4f9fe03734fa3aff3354177f365afbb3af18
  PlayableAds: 916e7f9f51a8944769abc45d3b4358f844f19033

PODFILE CHECKSUM: 8d169989987d5f7dc84eafc065b3ca9d3981d1e5

COCOAPODS: 1.5.3
