PODS:
  - Google-Mobile-Ads-SDK (7.36.0)
  - GoogleMobileAdsMediationZplayAds (2.2.0.0):
    - Google-Mobile-Ads-SDK
    - PlayableAds (~> 2.2.0)
  - PlayableAds (2.2.0)

DEPENDENCIES:
  - GoogleMobileAdsMediationZplayAds

SPEC REPOS:
  https://github.com/cocoapods/specs.git:
    - Google-Mobile-Ads-SDK
    - GoogleMobileAdsMediationZplayAds
    - PlayableAds

SPEC CHECKSUMS:
  Google-Mobile-Ads-SDK: 5bb4d2cea811842e104a24780caef63b4808e1bd
  GoogleMobileAdsMediationZplayAds: e23d3e659c53bb1317cd34496879a5da31fc6c95
  PlayableAds: 06355fd0fbd189fc59b5f9d06d3961b47cbe243e

PODFILE CHECKSUM: a1dfa8281ff28cc969be5547885dcd20f8e70e90

COCOAPODS: 1.5.3
