// !$*UTF8*$!
{
	archiveVersion = 1;
	classes = {
	};
	objectVersion = 48;
	objects = {

/* Begin PBXBuildFile section */
		54ECA882011A1FBCEDDC61E3 /* libPods-PlayableAdMobDemo.a in Frameworks */ = {isa = PBXBuildFile; fileRef = 5B7D90506701616292AF5305 /* libPods-PlayableAdMobDemo.a */; };
		5B40FDCA2369745E002116BA /* RewardedVideoViewController.m in Sources */ = {isa = PBXBuildFile; fileRef = 5B40FDC22369745E002116BA /* RewardedVideoViewController.m */; };
		5B40FDCB2369745E002116BA /* InterstitialViewController.m in Sources */ = {isa = PBXBuildFile; fileRef = 5B40FDC42369745E002116BA /* InterstitialViewController.m */; };
		5B40FDCC2369745E002116BA /* BannerViewController.m in Sources */ = {isa = PBXBuildFile; fileRef = 5B40FDC62369745E002116BA /* BannerViewController.m */; };
		C72AD3CB1FD8E6CA0000ADDA /* AppDelegate.m in Sources */ = {isa = PBXBuildFile; fileRef = C72AD3CA1FD8E6CA0000ADDA /* AppDelegate.m */; };
		C72AD3D11FD8E6CA0000ADDA /* Main.storyboard in Resources */ = {isa = PBXBuildFile; fileRef = C72AD3CF1FD8E6CA0000ADDA /* Main.storyboard */; };
		C72AD3D31FD8E6CA0000ADDA /* Assets.xcassets in Resources */ = {isa = PBXBuildFile; fileRef = C72AD3D21FD8E6CA0000ADDA /* Assets.xcassets */; };
		C72AD3D61FD8E6CA0000ADDA /* LaunchScreen.storyboard in Resources */ = {isa = PBXBuildFile; fileRef = C72AD3D41FD8E6CA0000ADDA /* LaunchScreen.storyboard */; };
		C72AD3D91FD8E6CA0000ADDA /* main.m in Sources */ = {isa = PBXBuildFile; fileRef = C72AD3D81FD8E6CA0000ADDA /* main.m */; };
		C77A98B920887E8400840186 /* MainViewController.m in Sources */ = {isa = PBXBuildFile; fileRef = C77A98B820887E8400840186 /* MainViewController.m */; };
/* End PBXBuildFile section */

/* Begin PBXFileReference section */
		55A1A6376D176D558A02BF05 /* Pods-PlayableAdMobDemo.debug.xcconfig */ = {isa = PBXFileReference; includeInIndex = 1; lastKnownFileType = text.xcconfig; name = "Pods-PlayableAdMobDemo.debug.xcconfig"; path = "Pods/Target Support Files/Pods-PlayableAdMobDemo/Pods-PlayableAdMobDemo.debug.xcconfig"; sourceTree = "<group>"; };
		5B40FDC22369745E002116BA /* RewardedVideoViewController.m */ = {isa = PBXFileReference; fileEncoding = 4; lastKnownFileType = sourcecode.c.objc; path = RewardedVideoViewController.m; sourceTree = "<group>"; };
		5B40FDC32369745E002116BA /* RewardedVideoViewController.h */ = {isa = PBXFileReference; fileEncoding = 4; lastKnownFileType = sourcecode.c.h; path = RewardedVideoViewController.h; sourceTree = "<group>"; };
		5B40FDC42369745E002116BA /* InterstitialViewController.m */ = {isa = PBXFileReference; fileEncoding = 4; lastKnownFileType = sourcecode.c.objc; path = InterstitialViewController.m; sourceTree = "<group>"; };
		5B40FDC52369745E002116BA /* BannerViewController.h */ = {isa = PBXFileReference; fileEncoding = 4; lastKnownFileType = sourcecode.c.h; path = BannerViewController.h; sourceTree = "<group>"; };
		5B40FDC62369745E002116BA /* BannerViewController.m */ = {isa = PBXFileReference; fileEncoding = 4; lastKnownFileType = sourcecode.c.objc; path = BannerViewController.m; sourceTree = "<group>"; };
		5B40FDC82369745E002116BA /* InterstitialViewController.h */ = {isa = PBXFileReference; fileEncoding = 4; lastKnownFileType = sourcecode.c.h; path = InterstitialViewController.h; sourceTree = "<group>"; };
		5B7D90506701616292AF5305 /* libPods-PlayableAdMobDemo.a */ = {isa = PBXFileReference; explicitFileType = archive.ar; includeInIndex = 0; path = "libPods-PlayableAdMobDemo.a"; sourceTree = BUILT_PRODUCTS_DIR; };
		C72AD3C61FD8E6CA0000ADDA /* PlayableAdMobDemo.app */ = {isa = PBXFileReference; explicitFileType = wrapper.application; includeInIndex = 0; path = PlayableAdMobDemo.app; sourceTree = BUILT_PRODUCTS_DIR; };
		C72AD3C91FD8E6CA0000ADDA /* AppDelegate.h */ = {isa = PBXFileReference; lastKnownFileType = sourcecode.c.h; path = AppDelegate.h; sourceTree = "<group>"; };
		C72AD3CA1FD8E6CA0000ADDA /* AppDelegate.m */ = {isa = PBXFileReference; lastKnownFileType = sourcecode.c.objc; path = AppDelegate.m; sourceTree = "<group>"; };
		C72AD3D01FD8E6CA0000ADDA /* Base */ = {isa = PBXFileReference; lastKnownFileType = file.storyboard; name = Base; path = Base.lproj/Main.storyboard; sourceTree = "<group>"; };
		C72AD3D21FD8E6CA0000ADDA /* Assets.xcassets */ = {isa = PBXFileReference; lastKnownFileType = folder.assetcatalog; path = Assets.xcassets; sourceTree = "<group>"; };
		C72AD3D51FD8E6CA0000ADDA /* Base */ = {isa = PBXFileReference; lastKnownFileType = file.storyboard; name = Base; path = Base.lproj/LaunchScreen.storyboard; sourceTree = "<group>"; };
		C72AD3D71FD8E6CA0000ADDA /* Info.plist */ = {isa = PBXFileReference; lastKnownFileType = text.plist.xml; path = Info.plist; sourceTree = "<group>"; };
		C72AD3D81FD8E6CA0000ADDA /* main.m */ = {isa = PBXFileReference; lastKnownFileType = sourcecode.c.objc; path = main.m; sourceTree = "<group>"; };
		C77A98B720887E8400840186 /* MainViewController.h */ = {isa = PBXFileReference; lastKnownFileType = sourcecode.c.h; path = MainViewController.h; sourceTree = "<group>"; };
		C77A98B820887E8400840186 /* MainViewController.m */ = {isa = PBXFileReference; lastKnownFileType = sourcecode.c.objc; path = MainViewController.m; sourceTree = "<group>"; };
		ED5DDB74ABB6C7D2037F165D /* Pods-PlayableAdMobDemo.release.xcconfig */ = {isa = PBXFileReference; includeInIndex = 1; lastKnownFileType = text.xcconfig; name = "Pods-PlayableAdMobDemo.release.xcconfig"; path = "Pods/Target Support Files/Pods-PlayableAdMobDemo/Pods-PlayableAdMobDemo.release.xcconfig"; sourceTree = "<group>"; };
/* End PBXFileReference section */

/* Begin PBXFrameworksBuildPhase section */
		C72AD3C31FD8E6CA0000ADDA /* Frameworks */ = {
			isa = PBXFrameworksBuildPhase;
			buildActionMask = 2147483647;
			files = (
				54ECA882011A1FBCEDDC61E3 /* libPods-PlayableAdMobDemo.a in Frameworks */,
			);
			runOnlyForDeploymentPostprocessing = 0;
		};
/* End PBXFrameworksBuildPhase section */

/* Begin PBXGroup section */
		3F43150F48FDCCDFF9061F0C /* Pods */ = {
			isa = PBXGroup;
			children = (
				55A1A6376D176D558A02BF05 /* Pods-PlayableAdMobDemo.debug.xcconfig */,
				ED5DDB74ABB6C7D2037F165D /* Pods-PlayableAdMobDemo.release.xcconfig */,
			);
			name = Pods;
			sourceTree = "<group>";
		};
		C72AD3BD1FD8E6CA0000ADDA = {
			isa = PBXGroup;
			children = (
				C72AD3C81FD8E6CA0000ADDA /* PlayableAdMobDemo */,
				C72AD3C71FD8E6CA0000ADDA /* Products */,
				3F43150F48FDCCDFF9061F0C /* Pods */,
				CDB5E9E44B999966F0F68BC9 /* Frameworks */,
			);
			sourceTree = "<group>";
		};
		C72AD3C71FD8E6CA0000ADDA /* Products */ = {
			isa = PBXGroup;
			children = (
				C72AD3C61FD8E6CA0000ADDA /* PlayableAdMobDemo.app */,
			);
			name = Products;
			sourceTree = "<group>";
		};
		C72AD3C81FD8E6CA0000ADDA /* PlayableAdMobDemo */ = {
			isa = PBXGroup;
			children = (
				5B40FDC52369745E002116BA /* BannerViewController.h */,
				5B40FDC62369745E002116BA /* BannerViewController.m */,
				5B40FDC82369745E002116BA /* InterstitialViewController.h */,
				5B40FDC42369745E002116BA /* InterstitialViewController.m */,
				5B40FDC32369745E002116BA /* RewardedVideoViewController.h */,
				5B40FDC22369745E002116BA /* RewardedVideoViewController.m */,
				C72AD3C91FD8E6CA0000ADDA /* AppDelegate.h */,
				C72AD3CA1FD8E6CA0000ADDA /* AppDelegate.m */,
				C77A98B720887E8400840186 /* MainViewController.h */,
				C77A98B820887E8400840186 /* MainViewController.m */,
				C72AD3CF1FD8E6CA0000ADDA /* Main.storyboard */,
				C72AD3D21FD8E6CA0000ADDA /* Assets.xcassets */,
				C72AD3D41FD8E6CA0000ADDA /* LaunchScreen.storyboard */,
				C72AD3D71FD8E6CA0000ADDA /* Info.plist */,
				C72AD3D81FD8E6CA0000ADDA /* main.m */,
			);
			path = PlayableAdMobDemo;
			sourceTree = "<group>";
		};
		CDB5E9E44B999966F0F68BC9 /* Frameworks */ = {
			isa = PBXGroup;
			children = (
				5B7D90506701616292AF5305 /* libPods-PlayableAdMobDemo.a */,
			);
			name = Frameworks;
			sourceTree = "<group>";
		};
/* End PBXGroup section */

/* Begin PBXNativeTarget section */
		C72AD3C51FD8E6CA0000ADDA /* PlayableAdMobDemo */ = {
			isa = PBXNativeTarget;
			buildConfigurationList = C72AD3DC1FD8E6CA0000ADDA /* Build configuration list for PBXNativeTarget "PlayableAdMobDemo" */;
			buildPhases = (
				2FF4100A71F3EB5EE95BDB6C /* [CP] Check Pods Manifest.lock */,
				C72AD3C21FD8E6CA0000ADDA /* Sources */,
				C72AD3C31FD8E6CA0000ADDA /* Frameworks */,
				C72AD3C41FD8E6CA0000ADDA /* Resources */,
				7A3DA9A2D6BE6C2A0399DAB7 /* [CP] Copy Pods Resources */,
			);
			buildRules = (
			);
			dependencies = (
			);
			name = PlayableAdMobDemo;
			productName = PlayableAdMobDemo;
			productReference = C72AD3C61FD8E6CA0000ADDA /* PlayableAdMobDemo.app */;
			productType = "com.apple.product-type.application";
		};
/* End PBXNativeTarget section */

/* Begin PBXProject section */
		C72AD3BE1FD8E6CA0000ADDA /* Project object */ = {
			isa = PBXProject;
			attributes = {
				LastUpgradeCheck = 0910;
				ORGANIZATIONNAME = playable;
				TargetAttributes = {
					C72AD3C51FD8E6CA0000ADDA = {
						CreatedOnToolsVersion = 9.1;
						ProvisioningStyle = Manual;
					};
				};
			};
			buildConfigurationList = C72AD3C11FD8E6CA0000ADDA /* Build configuration list for PBXProject "PlayableAdMobDemo" */;
			compatibilityVersion = "Xcode 8.0";
			developmentRegion = en;
			hasScannedForEncodings = 0;
			knownRegions = (
				en,
				Base,
			);
			mainGroup = C72AD3BD1FD8E6CA0000ADDA;
			productRefGroup = C72AD3C71FD8E6CA0000ADDA /* Products */;
			projectDirPath = "";
			projectRoot = "";
			targets = (
				C72AD3C51FD8E6CA0000ADDA /* PlayableAdMobDemo */,
			);
		};
/* End PBXProject section */

/* Begin PBXResourcesBuildPhase section */
		C72AD3C41FD8E6CA0000ADDA /* Resources */ = {
			isa = PBXResourcesBuildPhase;
			buildActionMask = 2147483647;
			files = (
				C72AD3D61FD8E6CA0000ADDA /* LaunchScreen.storyboard in Resources */,
				C72AD3D31FD8E6CA0000ADDA /* Assets.xcassets in Resources */,
				C72AD3D11FD8E6CA0000ADDA /* Main.storyboard in Resources */,
			);
			runOnlyForDeploymentPostprocessing = 0;
		};
/* End PBXResourcesBuildPhase section */

/* Begin PBXShellScriptBuildPhase section */
		2FF4100A71F3EB5EE95BDB6C /* [CP] Check Pods Manifest.lock */ = {
			isa = PBXShellScriptBuildPhase;
			buildActionMask = 2147483647;
			files = (
			);
			inputPaths = (
				"${PODS_PODFILE_DIR_PATH}/Podfile.lock",
				"${PODS_ROOT}/Manifest.lock",
			);
			name = "[CP] Check Pods Manifest.lock";
			outputPaths = (
				"$(DERIVED_FILE_DIR)/Pods-PlayableAdMobDemo-checkManifestLockResult.txt",
			);
			runOnlyForDeploymentPostprocessing = 0;
			shellPath = /bin/sh;
			shellScript = "diff \"${PODS_PODFILE_DIR_PATH}/Podfile.lock\" \"${PODS_ROOT}/Manifest.lock\" > /dev/null\nif [ $? != 0 ] ; then\n    # print error to STDERR\n    echo \"error: The sandbox is not in sync with the Podfile.lock. Run 'pod install' or update your CocoaPods installation.\" >&2\n    exit 1\nfi\n# This output is used by Xcode 'outputs' to avoid re-running this script phase.\necho \"SUCCESS\" > \"${SCRIPT_OUTPUT_FILE_0}\"\n";
			showEnvVarsInLog = 0;
		};
		7A3DA9A2D6BE6C2A0399DAB7 /* [CP] Copy Pods Resources */ = {
			isa = PBXShellScriptBuildPhase;
			buildActionMask = 2147483647;
			files = (
			);
			inputPaths = (
				"${PODS_ROOT}/Target Support Files/Pods-PlayableAdMobDemo/Pods-PlayableAdMobDemo-resources.sh",
				"${PODS_ROOT}/PlayableAds/Resources/ZplayMuteListener.bundle",
			);
			name = "[CP] Copy Pods Resources";
			outputPaths = (
				"${TARGET_BUILD_DIR}/${UNLOCALIZED_RESOURCES_FOLDER_PATH}/ZplayMuteListener.bundle",
			);
			runOnlyForDeploymentPostprocessing = 0;
			shellPath = /bin/sh;
			shellScript = "\"${PODS_ROOT}/Target Support Files/Pods-PlayableAdMobDemo/Pods-PlayableAdMobDemo-resources.sh\"\n";
			showEnvVarsInLog = 0;
		};
/* End PBXShellScriptBuildPhase section */

/* Begin PBXSourcesBuildPhase section */
		C72AD3C21FD8E6CA0000ADDA /* Sources */ = {
			isa = PBXSourcesBuildPhase;
			buildActionMask = 2147483647;
			files = (
				5B40FDCA2369745E002116BA /* RewardedVideoViewController.m in Sources */,
				C77A98B920887E8400840186 /* MainViewController.m in Sources */,
				5B40FDCC2369745E002116BA /* BannerViewController.m in Sources */,
				5B40FDCB2369745E002116BA /* InterstitialViewController.m in Sources */,
				C72AD3D91FD8E6CA0000ADDA /* main.m in Sources */,
				C72AD3CB1FD8E6CA0000ADDA /* AppDelegate.m in Sources */,
			);
			runOnlyForDeploymentPostprocessing = 0;
		};
/* End PBXSourcesBuildPhase section */

/* Begin PBXVariantGroup section */
		C72AD3CF1FD8E6CA0000ADDA /* Main.storyboard */ = {
			isa = PBXVariantGroup;
			children = (
				C72AD3D01FD8E6CA0000ADDA /* Base */,
			);
			name = Main.storyboard;
			sourceTree = "<group>";
		};
		C72AD3D41FD8E6CA0000ADDA /* LaunchScreen.storyboard */ = {
			isa = PBXVariantGroup;
			children = (
				C72AD3D51FD8E6CA0000ADDA /* Base */,
			);
			name = LaunchScreen.storyboard;
			sourceTree = "<group>";
		};
/* End PBXVariantGroup section */

/* Begin XCBuildConfiguration section */
		C72AD3DA1FD8E6CA0000ADDA /* Debug */ = {
			isa = XCBuildConfiguration;
			buildSettings = {
				ALWAYS_SEARCH_USER_PATHS = NO;
				CLANG_ANALYZER_NONNULL = YES;
				CLANG_ANALYZER_NUMBER_OBJECT_CONVERSION = YES_AGGRESSIVE;
				CLANG_CXX_LANGUAGE_STANDARD = "gnu++14";
				CLANG_CXX_LIBRARY = "libc++";
				CLANG_ENABLE_MODULES = YES;
				CLANG_ENABLE_OBJC_ARC = YES;
				CLANG_WARN_BLOCK_CAPTURE_AUTORELEASING = YES;
				CLANG_WARN_BOOL_CONVERSION = YES;
				CLANG_WARN_COMMA = YES;
				CLANG_WARN_CONSTANT_CONVERSION = YES;
				CLANG_WARN_DIRECT_OBJC_ISA_USAGE = YES_ERROR;
				CLANG_WARN_DOCUMENTATION_COMMENTS = YES;
				CLANG_WARN_EMPTY_BODY = YES;
				CLANG_WARN_ENUM_CONVERSION = YES;
				CLANG_WARN_INFINITE_RECURSION = YES;
				CLANG_WARN_INT_CONVERSION = YES;
				CLANG_WARN_NON_LITERAL_NULL_CONVERSION = YES;
				CLANG_WARN_OBJC_LITERAL_CONVERSION = YES;
				CLANG_WARN_OBJC_ROOT_CLASS = YES_ERROR;
				CLANG_WARN_RANGE_LOOP_ANALYSIS = YES;
				CLANG_WARN_STRICT_PROTOTYPES = YES;
				CLANG_WARN_SUSPICIOUS_MOVE = YES;
				CLANG_WARN_UNGUARDED_AVAILABILITY = YES_AGGRESSIVE;
				CLANG_WARN_UNREACHABLE_CODE = YES;
				CLANG_WARN__DUPLICATE_METHOD_MATCH = YES;
				CODE_SIGN_IDENTITY = "iPhone Developer";
				COPY_PHASE_STRIP = NO;
				DEBUG_INFORMATION_FORMAT = dwarf;
				ENABLE_STRICT_OBJC_MSGSEND = YES;
				ENABLE_TESTABILITY = YES;
				GCC_C_LANGUAGE_STANDARD = gnu11;
				GCC_DYNAMIC_NO_PIC = NO;
				GCC_NO_COMMON_BLOCKS = YES;
				GCC_OPTIMIZATION_LEVEL = 0;
				GCC_PREPROCESSOR_DEFINITIONS = (
					"DEBUG=1",
					"$(inherited)",
				);
				GCC_WARN_64_TO_32_BIT_CONVERSION = YES;
				GCC_WARN_ABOUT_RETURN_TYPE = YES_ERROR;
				GCC_WARN_UNDECLARED_SELECTOR = YES;
				GCC_WARN_UNINITIALIZED_AUTOS = YES_AGGRESSIVE;
				GCC_WARN_UNUSED_FUNCTION = YES;
				GCC_WARN_UNUSED_VARIABLE = YES;
				IPHONEOS_DEPLOYMENT_TARGET = 9.0;
				MTL_ENABLE_DEBUG_INFO = YES;
				ONLY_ACTIVE_ARCH = YES;
				SDKROOT = iphoneos;
			};
			name = Debug;
		};
		C72AD3DB1FD8E6CA0000ADDA /* Release */ = {
			isa = XCBuildConfiguration;
			buildSettings = {
				ALWAYS_SEARCH_USER_PATHS = NO;
				CLANG_ANALYZER_NONNULL = YES;
				CLANG_ANALYZER_NUMBER_OBJECT_CONVERSION = YES_AGGRESSIVE;
				CLANG_CXX_LANGUAGE_STANDARD = "gnu++14";
				CLANG_CXX_LIBRARY = "libc++";
				CLANG_ENABLE_MODULES = YES;
				CLANG_ENABLE_OBJC_ARC = YES;
				CLANG_WARN_BLOCK_CAPTURE_AUTORELEASING = YES;
				CLANG_WARN_BOOL_CONVERSION = YES;
				CLANG_WARN_COMMA = YES;
				CLANG_WARN_CONSTANT_CONVERSION = YES;
				CLANG_WARN_DIRECT_OBJC_ISA_USAGE = YES_ERROR;
				CLANG_WARN_DOCUMENTATION_COMMENTS = YES;
				CLANG_WARN_EMPTY_BODY = YES;
				CLANG_WARN_ENUM_CONVERSION = YES;
				CLANG_WARN_INFINITE_RECURSION = YES;
				CLANG_WARN_INT_CONVERSION = YES;
				CLANG_WARN_NON_LITERAL_NULL_CONVERSION = YES;
				CLANG_WARN_OBJC_LITERAL_CONVERSION = YES;
				CLANG_WARN_OBJC_ROOT_CLASS = YES_ERROR;
				CLANG_WARN_RANGE_LOOP_ANALYSIS = YES;
				CLANG_WARN_STRICT_PROTOTYPES = YES;
				CLANG_WARN_SUSPICIOUS_MOVE = YES;
				CLANG_WARN_UNGUARDED_AVAILABILITY = YES_AGGRESSIVE;
				CLANG_WARN_UNREACHABLE_CODE = YES;
				CLANG_WARN__DUPLICATE_METHOD_MATCH = YES;
				CODE_SIGN_IDENTITY = "iPhone Developer";
				COPY_PHASE_STRIP = NO;
				DEBUG_INFORMATION_FORMAT = "dwarf-with-dsym";
				ENABLE_NS_ASSERTIONS = NO;
				ENABLE_STRICT_OBJC_MSGSEND = YES;
				GCC_C_LANGUAGE_STANDARD = gnu11;
				GCC_NO_COMMON_BLOCKS = YES;
				GCC_WARN_64_TO_32_BIT_CONVERSION = YES;
				GCC_WARN_ABOUT_RETURN_TYPE = YES_ERROR;
				GCC_WARN_UNDECLARED_SELECTOR = YES;
				GCC_WARN_UNINITIALIZED_AUTOS = YES_AGGRESSIVE;
				GCC_WARN_UNUSED_FUNCTION = YES;
				GCC_WARN_UNUSED_VARIABLE = YES;
				IPHONEOS_DEPLOYMENT_TARGET = 9.0;
				MTL_ENABLE_DEBUG_INFO = NO;
				SDKROOT = iphoneos;
				VALIDATE_PRODUCT = YES;
			};
			name = Release;
		};
		C72AD3DD1FD8E6CA0000ADDA /* Debug */ = {
			isa = XCBuildConfiguration;
			baseConfigurationReference = 55A1A6376D176D558A02BF05 /* Pods-PlayableAdMobDemo.debug.xcconfig */;
			buildSettings = {
				ASSETCATALOG_COMPILER_APPICON_NAME = AppIcon;
				CODE_SIGN_IDENTITY = "iPhone Developer";
				"CODE_SIGN_IDENTITY[sdk=iphoneos*]" = "iPhone Developer";
				CODE_SIGN_STYLE = Manual;
				CURRENT_PROJECT_VERSION = 20191101;
				DEVELOPMENT_TEAM = QX37QM2334;
				INFOPLIST_FILE = PlayableAdMobDemo/Info.plist;
				IPHONEOS_DEPLOYMENT_TARGET = 8.0;
				LD_RUNPATH_SEARCH_PATHS = "$(inherited) @executable_path/Frameworks";
				MARKETING_VERSION = 2.6.0;
				PRODUCT_BUNDLE_IDENTIFIER = com.zplay.PlayableAdMobDemo;
				PRODUCT_NAME = "$(TARGET_NAME)";
				PROVISIONING_PROFILE = "a0f49df3-171d-4535-b30a-dd800ef8f012";
				PROVISIONING_PROFILE_SPECIFIER = zplay;
				TARGETED_DEVICE_FAMILY = 1;
			};
			name = Debug;
		};
		C72AD3DE1FD8E6CA0000ADDA /* Release */ = {
			isa = XCBuildConfiguration;
			baseConfigurationReference = ED5DDB74ABB6C7D2037F165D /* Pods-PlayableAdMobDemo.release.xcconfig */;
			buildSettings = {
				ASSETCATALOG_COMPILER_APPICON_NAME = AppIcon;
				CODE_SIGN_IDENTITY = "iPhone Distribution";
				"CODE_SIGN_IDENTITY[sdk=iphoneos*]" = "iPhone Distribution";
				CODE_SIGN_STYLE = Manual;
				CURRENT_PROJECT_VERSION = 20191101;
				DEVELOPMENT_TEAM = L5UE3EGW93;
				INFOPLIST_FILE = PlayableAdMobDemo/Info.plist;
				IPHONEOS_DEPLOYMENT_TARGET = 8.0;
				LD_RUNPATH_SEARCH_PATHS = "$(inherited) @executable_path/Frameworks";
				MARKETING_VERSION = 2.6.0;
				PRODUCT_BUNDLE_IDENTIFIER = com.zplay.PlayableAdMobDemo;
				PRODUCT_NAME = "$(TARGET_NAME)";
				PROVISIONING_PROFILE = "9f445f8f-ab1c-4958-b506-0257824d3d39";
				PROVISIONING_PROFILE_SPECIFIER = Dis;
				TARGETED_DEVICE_FAMILY = 1;
			};
			name = Release;
		};
/* End XCBuildConfiguration section */

/* Begin XCConfigurationList section */
		C72AD3C11FD8E6CA0000ADDA /* Build configuration list for PBXProject "PlayableAdMobDemo" */ = {
			isa = XCConfigurationList;
			buildConfigurations = (
				C72AD3DA1FD8E6CA0000ADDA /* Debug */,
				C72AD3DB1FD8E6CA0000ADDA /* Release */,
			);
			defaultConfigurationIsVisible = 0;
			defaultConfigurationName = Release;
		};
		C72AD3DC1FD8E6CA0000ADDA /* Build configuration list for PBXNativeTarget "PlayableAdMobDemo" */ = {
			isa = XCConfigurationList;
			buildConfigurations = (
				C72AD3DD1FD8E6CA0000ADDA /* Debug */,
				C72AD3DE1FD8E6CA0000ADDA /* Release */,
			);
			defaultConfigurationIsVisible = 0;
			defaultConfigurationName = Release;
		};
/* End XCConfigurationList section */
	};
	rootObject = C72AD3BE1FD8E6CA0000ADDA /* Project object */;
}
